// !$*UTF8*$!
{
	archiveVersion = 1;
	classes = {
	};
	objectVersion = 51;
	objects = {

/* Begin PBXBuildFile section */
		224F121408AC84913CEE693B /* Pods_SwiftTemplateProject_SwiftTemplateProjectUITests.framework in Frameworks */ = {isa = PBXBuildFile; fileRef = 0B50514AAA0D239CAE9976D5 /* Pods_SwiftTemplateProject_SwiftTemplateProjectUITests.framework */; };
		2641E3CB1243ECC70BD3D460 /* Pods_SwiftTemplateProject.framework in Frameworks */ = {isa = PBXBuildFile; fileRef = F24CE65BB2335A25BCB835EB /* Pods_SwiftTemplateProject.framework */; };
		41163C0625333A5A00F6E45A /* SETabBarVC.swift in Sources */ = {isa = PBXBuildFile; fileRef = 41163C0525333A5A00F6E45A /* SETabBarVC.swift */; };
		41163C1225333B2500F6E45A /* AViewController.swift in Sources */ = {isa = PBXBuildFile; fileRef = 41163C1125333B2500F6E45A /* AViewController.swift */; };
		41163C1725333B3C00F6E45A /* BViewController.swift in Sources */ = {isa = PBXBuildFile; fileRef = 41163C1625333B3C00F6E45A /* BViewController.swift */; };
		41163C1C25333B6100F6E45A /* CViewController.swift in Sources */ = {isa = PBXBuildFile; fileRef = 41163C1B25333B6100F6E45A /* CViewController.swift */; };
		41163C2125333B6700F6E45A /* DViewController.swift in Sources */ = {isa = PBXBuildFile; fileRef = 41163C2025333B6700F6E45A /* DViewController.swift */; };
		4134386E253C0CDE007BDBDE /* Demolist.plist in Resources */ = {isa = PBXBuildFile; fileRef = 4134386D253C0CDE007BDBDE /* Demolist.plist */; };
		41343873253C1029007BDBDE /* HStools.swift in Sources */ = {isa = PBXBuildFile; fileRef = 41343872253C1029007BDBDE /* HStools.swift */; };
		41343884253C1555007BDBDE /* DemoTableViewController.swift in Sources */ = {isa = PBXBuildFile; fileRef = 41343883253C1555007BDBDE /* DemoTableViewController.swift */; };
		413438A7253C2DEC007BDBDE /* DemoNotificationBannerSwiftVC.swift in Sources */ = {isa = PBXBuildFile; fileRef = 413438A5253C2DEC007BDBDE /* DemoNotificationBannerSwiftVC.swift */; };
		413438A8253C2DEC007BDBDE /* DemoNotificationBannerSwiftVC.xib in Resources */ = {isa = PBXBuildFile; fileRef = 413438A6253C2DEC007BDBDE /* DemoNotificationBannerSwiftVC.xib */; };
		413438AE253C2F38007BDBDE /* ExampleView.swift in Sources */ = {isa = PBXBuildFile; fileRef = 413438AD253C2F38007BDBDE /* ExampleView.swift */; };
		413438B3253C3264007BDBDE /* BasicNotificationBannerCell.swift in Sources */ = {isa = PBXBuildFile; fileRef = 413438B2253C3264007BDBDE /* BasicNotificationBannerCell.swift */; };
		413438BB253C3ADC007BDBDE /* DemoHookVC.swift in Sources */ = {isa = PBXBuildFile; fileRef = 413438BA253C3ADC007BDBDE /* DemoHookVC.swift */; };
		413438CA253C3D3F007BDBDE /* NorthCarolinaBannerView.swift in Sources */ = {isa = PBXBuildFile; fileRef = 413438C9253C3D3F007BDBDE /* NorthCarolinaBannerView.swift */; };
		413438CF253C3D74007BDBDE /* Media_Notibannner.xcassets in Resources */ = {isa = PBXBuildFile; fileRef = 413438CE253C3D74007BDBDE /* Media_Notibannner.xcassets */; };
		413438E1253C4029007BDBDE /* CustomBannerColors.swift in Sources */ = {isa = PBXBuildFile; fileRef = 413438E0253C4029007BDBDE /* CustomBannerColors.swift */; };
		41343996253C7B03007BDBDE /* MyObject.swift in Sources */ = {isa = PBXBuildFile; fileRef = 41343995253C7B03007BDBDE /* MyObject.swift */; };
		4134399B253C7B9B007BDBDE /* HookTest.swift in Sources */ = {isa = PBXBuildFile; fileRef = 4134399A253C7B9B007BDBDE /* HookTest.swift */; };
		413515ED253DD60000BC0BA3 /* DemoSwiftMathVC.swift in Sources */ = {isa = PBXBuildFile; fileRef = 413515EC253DD60000BC0BA3 /* DemoSwiftMathVC.swift */; };
		413515F6253DD61900BC0BA3 /* DemoSwiftDateVC.swift in Sources */ = {isa = PBXBuildFile; fileRef = 413515F4253DD61900BC0BA3 /* DemoSwiftDateVC.swift */; };
		413515F7253DD61900BC0BA3 /* DemoSwiftDateVC.xib in Resources */ = {isa = PBXBuildFile; fileRef = 413515F5253DD61900BC0BA3 /* DemoSwiftDateVC.xib */; };
		413597E02541BEA900F92F22 /* DemoSwiftLuhnVC.swift in Sources */ = {isa = PBXBuildFile; fileRef = 413597DF2541BEA900F92F22 /* DemoSwiftLuhnVC.swift */; };
		413598612541C6FF00F92F22 /* earth.gif in Resources */ = {isa = PBXBuildFile; fileRef = 4135985E2541C6FF00F92F22 /* earth.gif */; };
		413598622541C6FF00F92F22 /* nailed.gif in Resources */ = {isa = PBXBuildFile; fileRef = 4135985F2541C6FF00F92F22 /* nailed.gif */; };
		413598632541C6FF00F92F22 /* mugen.gif in Resources */ = {isa = PBXBuildFile; fileRef = 413598602541C6FF00F92F22 /* mugen.gif */; };
		413598692541C71400F92F22 /* DemoGifVC.swift in Sources */ = {isa = PBXBuildFile; fileRef = 413598672541C71400F92F22 /* DemoGifVC.swift */; };
		4135986A2541C71400F92F22 /* DemoGifVC.xib in Resources */ = {isa = PBXBuildFile; fileRef = 413598682541C71400F92F22 /* DemoGifVC.xib */; };
		413BAC7D253D3AD400BDE1F5 /* DemoNetWorkVC.swift in Sources */ = {isa = PBXBuildFile; fileRef = 413BAC7B253D3AD400BDE1F5 /* DemoNetWorkVC.swift */; };
		413BAC7E253D3AD400BDE1F5 /* DemoNetWorkVC.xib in Resources */ = {isa = PBXBuildFile; fileRef = 413BAC7C253D3AD400BDE1F5 /* DemoNetWorkVC.xib */; };
		413D27B42535A3F000AFCD29 /* HCRootControllerProvider.swift in Sources */ = {isa = PBXBuildFile; fileRef = 413D27B32535A3F000AFCD29 /* HCRootControllerProvider.swift */; };
		413D27B92535A74700AFCD29 /* templateViewController.swift in Sources */ = {isa = PBXBuildFile; fileRef = 413D27B82535A74700AFCD29 /* templateViewController.swift */; };
		41524D98253162E700A1DEED /* AppDelegate.swift in Sources */ = {isa = PBXBuildFile; fileRef = 41524D97253162E700A1DEED /* AppDelegate.swift */; };
		41524D9C253162E800A1DEED /* ViewController.swift in Sources */ = {isa = PBXBuildFile; fileRef = 41524D9B253162E800A1DEED /* ViewController.swift */; };
		41524D9F253162E800A1DEED /* Main.storyboard in Resources */ = {isa = PBXBuildFile; fileRef = 41524D9D253162E800A1DEED /* Main.storyboard */; };
		41524DA1253162E800A1DEED /* Assets.xcassets in Resources */ = {isa = PBXBuildFile; fileRef = 41524DA0253162E800A1DEED /* Assets.xcassets */; };
		41524DA4253162E800A1DEED /* LaunchScreen.storyboard in Resources */ = {isa = PBXBuildFile; fileRef = 41524DA2253162E800A1DEED /* LaunchScreen.storyboard */; };
		41524DAF253162E900A1DEED /* SwiftTemplateProjectTests.swift in Sources */ = {isa = PBXBuildFile; fileRef = 41524DAE253162E900A1DEED /* SwiftTemplateProjectTests.swift */; };
		41524DBA253162E900A1DEED /* SwiftTemplateProjectUITests.swift in Sources */ = {isa = PBXBuildFile; fileRef = 41524DB9253162E900A1DEED /* SwiftTemplateProjectUITests.swift */; };
		41524DEE25316A3200A1DEED /* UseRxSwiftVC.swift in Sources */ = {isa = PBXBuildFile; fileRef = 41524DED25316A3200A1DEED /* UseRxSwiftVC.swift */; };
		41524EAB2531F16100A1DEED /* README.md in Resources */ = {isa = PBXBuildFile; fileRef = 41524EAA2531F16100A1DEED /* README.md */; };
		41524ED52531F79800A1DEED /* BaseStoryboard.storyboard in Resources */ = {isa = PBXBuildFile; fileRef = 41524ED42531F79800A1DEED /* BaseStoryboard.storyboard */; };
		41524EDA2531F85000A1DEED /* BaseStoryBoardMedia.xcassets in Resources */ = {isa = PBXBuildFile; fileRef = 41524ED92531F85000A1DEED /* BaseStoryBoardMedia.xcassets */; };
		41524EDF2531FBD800A1DEED /* FeatureOverviewController.swift in Sources */ = {isa = PBXBuildFile; fileRef = 41524EDE2531FBD800A1DEED /* FeatureOverviewController.swift */; };
		41524EE42531FCD800A1DEED /* HandicapViewController.swift in Sources */ = {isa = PBXBuildFile; fileRef = 41524EE32531FCD800A1DEED /* HandicapViewController.swift */; };
		41524EE92531FD0B00A1DEED /* FontsConstants.swift in Sources */ = {isa = PBXBuildFile; fileRef = 41524EE82531FD0B00A1DEED /* FontsConstants.swift */; };
		41524EF72531FE5400A1DEED /* ConformanceLevelView.swift in Sources */ = {isa = PBXBuildFile; fileRef = 41524EF62531FE5400A1DEED /* ConformanceLevelView.swift */; };
		41524EFC2531FEC400A1DEED /* Color+capableGreen.swift in Sources */ = {isa = PBXBuildFile; fileRef = 41524EFB2531FEC400A1DEED /* Color+capableGreen.swift */; };
		41524F012531FF1500A1DEED /* CaptionsViewController.swift in Sources */ = {isa = PBXBuildFile; fileRef = 41524F002531FF1500A1DEED /* CaptionsViewController.swift */; };
		41524F072531FFA300A1DEED /* ColorsViewController.swift in Sources */ = {isa = PBXBuildFile; fileRef = 41524F062531FFA300A1DEED /* ColorsViewController.swift */; };
		41524F1C2532005200A1DEED /* FontsController.swift in Sources */ = {isa = PBXBuildFile; fileRef = 41524F1B2532005200A1DEED /* FontsController.swift */; };
		419D93882535DD0600D0D657 /* UseThirtyCodeMedia.xcassets in Resources */ = {isa = PBXBuildFile; fileRef = 419D93872535DD0600D0D657 /* UseThirtyCodeMedia.xcassets */; };
		C900608CE62EA12C717D90B5 /* Pods_SwiftTemplateProjectTests.framework in Frameworks */ = {isa = PBXBuildFile; fileRef = 05CB1745BA286F2846BA937F /* Pods_SwiftTemplateProjectTests.framework */; };
/* End PBXBuildFile section */

/* Begin PBXContainerItemProxy section */
		41524DAB253162E900A1DEED /* PBXContainerItemProxy */ = {
			isa = PBXContainerItemProxy;
			containerPortal = 41524D8C253162E700A1DEED /* Project object */;
			proxyType = 1;
			remoteGlobalIDString = 41524D93253162E700A1DEED;
			remoteInfo = SwiftTemplateProject;
		};
		41524DB6253162E900A1DEED /* PBXContainerItemProxy */ = {
			isa = PBXContainerItemProxy;
			containerPortal = 41524D8C253162E700A1DEED /* Project object */;
			proxyType = 1;
			remoteGlobalIDString = 41524D93253162E700A1DEED;
			remoteInfo = SwiftTemplateProject;
		};
/* End PBXContainerItemProxy section */

/* Begin PBXFileReference section */
		05CB1745BA286F2846BA937F /* Pods_SwiftTemplateProjectTests.framework */ = {isa = PBXFileReference; explicitFileType = wrapper.framework; includeInIndex = 0; path = Pods_SwiftTemplateProjectTests.framework; sourceTree = BUILT_PRODUCTS_DIR; };
		0B50514AAA0D239CAE9976D5 /* Pods_SwiftTemplateProject_SwiftTemplateProjectUITests.framework */ = {isa = PBXFileReference; explicitFileType = wrapper.framework; includeInIndex = 0; path = Pods_SwiftTemplateProject_SwiftTemplateProjectUITests.framework; sourceTree = BUILT_PRODUCTS_DIR; };
		214BA722AA151D2D6A30829C /* Pods-SwiftTemplateProjectTests.debug.xcconfig */ = {isa = PBXFileReference; includeInIndex = 1; lastKnownFileType = text.xcconfig; name = "Pods-SwiftTemplateProjectTests.debug.xcconfig"; path = "Target Support Files/Pods-SwiftTemplateProjectTests/Pods-SwiftTemplateProjectTests.debug.xcconfig"; sourceTree = "<group>"; };
		41163C0525333A5A00F6E45A /* SETabBarVC.swift */ = {isa = PBXFileReference; lastKnownFileType = sourcecode.swift; path = SETabBarVC.swift; sourceTree = "<group>"; };
		41163C0A25333A7000F6E45A /* SwiftTemplateProject.entitlements */ = {isa = PBXFileReference; lastKnownFileType = text.plist.entitlements; path = SwiftTemplateProject.entitlements; sourceTree = "<group>"; };
		41163C1125333B2500F6E45A /* AViewController.swift */ = {isa = PBXFileReference; lastKnownFileType = sourcecode.swift; path = AViewController.swift; sourceTree = "<group>"; };
		41163C1625333B3C00F6E45A /* BViewController.swift */ = {isa = PBXFileReference; lastKnownFileType = sourcecode.swift; path = BViewController.swift; sourceTree = "<group>"; };
		41163C1B25333B6100F6E45A /* CViewController.swift */ = {isa = PBXFileReference; lastKnownFileType = sourcecode.swift; path = CViewController.swift; sourceTree = "<group>"; };
		41163C2025333B6700F6E45A /* DViewController.swift */ = {isa = PBXFileReference; lastKnownFileType = sourcecode.swift; path = DViewController.swift; sourceTree = "<group>"; };
		4134386D253C0CDE007BDBDE /* Demolist.plist */ = {isa = PBXFileReference; lastKnownFileType = text.plist.xml; path = Demolist.plist; sourceTree = "<group>"; };
		41343872253C1029007BDBDE /* HStools.swift */ = {isa = PBXFileReference; lastKnownFileType = sourcecode.swift; path = HStools.swift; sourceTree = "<group>"; };
		41343877253C11F0007BDBDE /* README_CodeDescription.md */ = {isa = PBXFileReference; lastKnownFileType = net.daringfireball.markdown; path = README_CodeDescription.md; sourceTree = "<group>"; };
		41343883253C1555007BDBDE /* DemoTableViewController.swift */ = {isa = PBXFileReference; lastKnownFileType = sourcecode.swift; path = DemoTableViewController.swift; sourceTree = "<group>"; };
		41343889253C2BDA007BDBDE /* README_NotificationBannerSwift.md */ = {isa = PBXFileReference; lastKnownFileType = net.daringfireball.markdown; path = README_NotificationBannerSwift.md; sourceTree = "<group>"; };
		413438A5253C2DEC007BDBDE /* DemoNotificationBannerSwiftVC.swift */ = {isa = PBXFileReference; lastKnownFileType = sourcecode.swift; path = DemoNotificationBannerSwiftVC.swift; sourceTree = "<group>"; };
		413438A6253C2DEC007BDBDE /* DemoNotificationBannerSwiftVC.xib */ = {isa = PBXFileReference; lastKnownFileType = file.xib; path = DemoNotificationBannerSwiftVC.xib; sourceTree = "<group>"; };
		413438AD253C2F38007BDBDE /* ExampleView.swift */ = {isa = PBXFileReference; lastKnownFileType = sourcecode.swift; path = ExampleView.swift; sourceTree = "<group>"; };
		413438B2253C3264007BDBDE /* BasicNotificationBannerCell.swift */ = {isa = PBXFileReference; lastKnownFileType = sourcecode.swift; path = BasicNotificationBannerCell.swift; sourceTree = "<group>"; };
		413438BA253C3ADC007BDBDE /* DemoHookVC.swift */ = {isa = PBXFileReference; lastKnownFileType = sourcecode.swift; path = DemoHookVC.swift; sourceTree = "<group>"; };
		413438C5253C3BB0007BDBDE /* README_SwiftKeyWordDescription.md */ = {isa = PBXFileReference; lastKnownFileType = net.daringfireball.markdown; path = README_SwiftKeyWordDescription.md; sourceTree = "<group>"; };
		413438C9253C3D3F007BDBDE /* NorthCarolinaBannerView.swift */ = {isa = PBXFileReference; lastKnownFileType = sourcecode.swift; path = NorthCarolinaBannerView.swift; sourceTree = "<group>"; };
		413438CE253C3D74007BDBDE /* Media_Notibannner.xcassets */ = {isa = PBXFileReference; lastKnownFileType = folder.assetcatalog; path = Media_Notibannner.xcassets; sourceTree = "<group>"; };
		413438E0253C4029007BDBDE /* CustomBannerColors.swift */ = {isa = PBXFileReference; lastKnownFileType = sourcecode.swift; path = CustomBannerColors.swift; sourceTree = "<group>"; };
		41343914253C5CD6007BDBDE /* README_hidenTabBarNaviBar.md */ = {isa = PBXFileReference; lastKnownFileType = net.daringfireball.markdown; path = README_hidenTabBarNaviBar.md; sourceTree = "<group>"; };
		41343995253C7B03007BDBDE /* MyObject.swift */ = {isa = PBXFileReference; lastKnownFileType = sourcecode.swift; path = MyObject.swift; sourceTree = "<group>"; };
		4134399A253C7B9B007BDBDE /* HookTest.swift */ = {isa = PBXFileReference; lastKnownFileType = sourcecode.swift; path = HookTest.swift; sourceTree = "<group>"; };
		413515E7253DD48000BC0BA3 /* README_SwiftDate.md */ = {isa = PBXFileReference; lastKnownFileType = net.daringfireball.markdown; path = README_SwiftDate.md; sourceTree = "<group>"; };
		413515EC253DD60000BC0BA3 /* DemoSwiftMathVC.swift */ = {isa = PBXFileReference; lastKnownFileType = sourcecode.swift; path = DemoSwiftMathVC.swift; sourceTree = "<group>"; };
		413515F4253DD61900BC0BA3 /* DemoSwiftDateVC.swift */ = {isa = PBXFileReference; lastKnownFileType = sourcecode.swift; path = DemoSwiftDateVC.swift; sourceTree = "<group>"; };
		413515F5253DD61900BC0BA3 /* DemoSwiftDateVC.xib */ = {isa = PBXFileReference; lastKnownFileType = file.xib; path = DemoSwiftDateVC.xib; sourceTree = "<group>"; };
		4135959925415EDD00F92F22 /* README_Instabug .md */ = {isa = PBXFileReference; lastKnownFileType = net.daringfireball.markdown; path = "README_Instabug .md"; sourceTree = "<group>"; };
		41359649254168A100F92F22 /* README_Sentry.md */ = {isa = PBXFileReference; lastKnownFileType = net.daringfireball.markdown; path = README_Sentry.md; sourceTree = "<group>"; };
		413597DF2541BEA900F92F22 /* DemoSwiftLuhnVC.swift */ = {isa = PBXFileReference; lastKnownFileType = sourcecode.swift; path = DemoSwiftLuhnVC.swift; sourceTree = "<group>"; };
		4135982A2541C5C200F92F22 /* README_Gif.md */ = {isa = PBXFileReference; lastKnownFileType = net.daringfireball.markdown; path = README_Gif.md; sourceTree = "<group>"; };
		4135985E2541C6FF00F92F22 /* earth.gif */ = {isa = PBXFileReference; lastKnownFileType = image.gif; path = earth.gif; sourceTree = "<group>"; };
		4135985F2541C6FF00F92F22 /* nailed.gif */ = {isa = PBXFileReference; lastKnownFileType = image.gif; path = nailed.gif; sourceTree = "<group>"; };
		413598602541C6FF00F92F22 /* mugen.gif */ = {isa = PBXFileReference; lastKnownFileType = image.gif; path = mugen.gif; sourceTree = "<group>"; };
		413598672541C71400F92F22 /* DemoGifVC.swift */ = {isa = PBXFileReference; lastKnownFileType = sourcecode.swift; path = DemoGifVC.swift; sourceTree = "<group>"; };
		413598682541C71400F92F22 /* DemoGifVC.xib */ = {isa = PBXFileReference; lastKnownFileType = file.xib; path = DemoGifVC.xib; sourceTree = "<group>"; };
		413BAC7A253D39E300BDE1F5 /* README_SwiftMeshDescription.md */ = {isa = PBXFileReference; lastKnownFileType = net.daringfireball.markdown; path = README_SwiftMeshDescription.md; sourceTree = "<group>"; };
		413BAC7B253D3AD400BDE1F5 /* DemoNetWorkVC.swift */ = {isa = PBXFileReference; lastKnownFileType = sourcecode.swift; path = DemoNetWorkVC.swift; sourceTree = "<group>"; };
		413BAC7C253D3AD400BDE1F5 /* DemoNetWorkVC.xib */ = {isa = PBXFileReference; lastKnownFileType = file.xib; path = DemoNetWorkVC.xib; sourceTree = "<group>"; };
		413BACE2253D618800BDE1F5 /* README_CocoaDebugDescription.md */ = {isa = PBXFileReference; lastKnownFileType = net.daringfireball.markdown; path = README_CocoaDebugDescription.md; sourceTree = "<group>"; };
		413BACF8253D6BF900BDE1F5 /* README_DispatchDescription.md */ = {isa = PBXFileReference; lastKnownFileType = net.daringfireball.markdown; path = README_DispatchDescription.md; sourceTree = "<group>"; };
		413D27B32535A3F000AFCD29 /* HCRootControllerProvider.swift */ = {isa = PBXFileReference; lastKnownFileType = sourcecode.swift; path = HCRootControllerProvider.swift; sourceTree = "<group>"; };
		413D27B82535A74700AFCD29 /* templateViewController.swift */ = {isa = PBXFileReference; lastKnownFileType = sourcecode.swift; path = templateViewController.swift; sourceTree = "<group>"; };
		41524D94253162E700A1DEED /* SwiftTemplateProject.app */ = {isa = PBXFileReference; explicitFileType = wrapper.application; includeInIndex = 0; path = SwiftTemplateProject.app; sourceTree = BUILT_PRODUCTS_DIR; };
		41524D97253162E700A1DEED /* AppDelegate.swift */ = {isa = PBXFileReference; lastKnownFileType = sourcecode.swift; path = AppDelegate.swift; sourceTree = "<group>"; };
		41524D9B253162E800A1DEED /* ViewController.swift */ = {isa = PBXFileReference; lastKnownFileType = sourcecode.swift; path = ViewController.swift; sourceTree = "<group>"; };
		41524D9E253162E800A1DEED /* Base */ = {isa = PBXFileReference; lastKnownFileType = file.storyboard; name = Base; path = Base.lproj/Main.storyboard; sourceTree = "<group>"; };
		41524DA0253162E800A1DEED /* Assets.xcassets */ = {isa = PBXFileReference; lastKnownFileType = folder.assetcatalog; path = Assets.xcassets; sourceTree = "<group>"; };
		41524DA3253162E800A1DEED /* Base */ = {isa = PBXFileReference; lastKnownFileType = file.storyboard; name = Base; path = Base.lproj/LaunchScreen.storyboard; sourceTree = "<group>"; };
		41524DA5253162E800A1DEED /* Info.plist */ = {isa = PBXFileReference; lastKnownFileType = text.plist.xml; path = Info.plist; sourceTree = "<group>"; };
		41524DAA253162E900A1DEED /* SwiftTemplateProjectTests.xctest */ = {isa = PBXFileReference; explicitFileType = wrapper.cfbundle; includeInIndex = 0; path = SwiftTemplateProjectTests.xctest; sourceTree = BUILT_PRODUCTS_DIR; };
		41524DAE253162E900A1DEED /* SwiftTemplateProjectTests.swift */ = {isa = PBXFileReference; lastKnownFileType = sourcecode.swift; path = SwiftTemplateProjectTests.swift; sourceTree = "<group>"; };
		41524DB0253162E900A1DEED /* Info.plist */ = {isa = PBXFileReference; lastKnownFileType = text.plist.xml; path = Info.plist; sourceTree = "<group>"; };
		41524DB5253162E900A1DEED /* SwiftTemplateProjectUITests.xctest */ = {isa = PBXFileReference; explicitFileType = wrapper.cfbundle; includeInIndex = 0; path = SwiftTemplateProjectUITests.xctest; sourceTree = BUILT_PRODUCTS_DIR; };
		41524DB9253162E900A1DEED /* SwiftTemplateProjectUITests.swift */ = {isa = PBXFileReference; lastKnownFileType = sourcecode.swift; path = SwiftTemplateProjectUITests.swift; sourceTree = "<group>"; };
		41524DBB253162E900A1DEED /* Info.plist */ = {isa = PBXFileReference; lastKnownFileType = text.plist.xml; path = Info.plist; sourceTree = "<group>"; };
		41524DED25316A3200A1DEED /* UseRxSwiftVC.swift */ = {isa = PBXFileReference; lastKnownFileType = sourcecode.swift; path = UseRxSwiftVC.swift; sourceTree = "<group>"; };
		41524EAA2531F16100A1DEED /* README.md */ = {isa = PBXFileReference; fileEncoding = 4; lastKnownFileType = net.daringfireball.markdown; name = README.md; path = ../README.md; sourceTree = "<group>"; };
		41524EAF2531F2E900A1DEED /* README_DeleteScreenDelegate.md */ = {isa = PBXFileReference; lastKnownFileType = net.daringfireball.markdown; path = README_DeleteScreenDelegate.md; sourceTree = "<group>"; };
		41524ED42531F79800A1DEED /* BaseStoryboard.storyboard */ = {isa = PBXFileReference; lastKnownFileType = file.storyboard; path = BaseStoryboard.storyboard; sourceTree = "<group>"; };
		41524ED92531F85000A1DEED /* BaseStoryBoardMedia.xcassets */ = {isa = PBXFileReference; lastKnownFileType = folder.assetcatalog; path = BaseStoryBoardMedia.xcassets; sourceTree = "<group>"; };
		41524EDE2531FBD800A1DEED /* FeatureOverviewController.swift */ = {isa = PBXFileReference; lastKnownFileType = sourcecode.swift; path = FeatureOverviewController.swift; sourceTree = "<group>"; };
		41524EE32531FCD800A1DEED /* HandicapViewController.swift */ = {isa = PBXFileReference; lastKnownFileType = sourcecode.swift; path = HandicapViewController.swift; sourceTree = "<group>"; };
		41524EE82531FD0B00A1DEED /* FontsConstants.swift */ = {isa = PBXFileReference; lastKnownFileType = sourcecode.swift; path = FontsConstants.swift; sourceTree = "<group>"; };
		41524EF62531FE5400A1DEED /* ConformanceLevelView.swift */ = {isa = PBXFileReference; lastKnownFileType = sourcecode.swift; path = ConformanceLevelView.swift; sourceTree = "<group>"; };
		41524EFB2531FEC400A1DEED /* Color+capableGreen.swift */ = {isa = PBXFileReference; lastKnownFileType = sourcecode.swift; path = "Color+capableGreen.swift"; sourceTree = "<group>"; };
		41524F002531FF1500A1DEED /* CaptionsViewController.swift */ = {isa = PBXFileReference; lastKnownFileType = sourcecode.swift; path = CaptionsViewController.swift; sourceTree = "<group>"; };
		41524F062531FFA300A1DEED /* ColorsViewController.swift */ = {isa = PBXFileReference; lastKnownFileType = sourcecode.swift; path = ColorsViewController.swift; sourceTree = "<group>"; };
		41524F1B2532005200A1DEED /* FontsController.swift */ = {isa = PBXFileReference; lastKnownFileType = sourcecode.swift; path = FontsController.swift; sourceTree = "<group>"; };
		419D93872535DD0600D0D657 /* UseThirtyCodeMedia.xcassets */ = {isa = PBXFileReference; lastKnownFileType = folder.assetcatalog; path = UseThirtyCodeMedia.xcassets; sourceTree = "<group>"; };
		41A91AC5253B11EF008F55F0 /* README_Rswift.md */ = {isa = PBXFileReference; lastKnownFileType = net.daringfireball.markdown; path = README_Rswift.md; sourceTree = "<group>"; };
		41D8174A253DC67F00D5E29E /* README_ SwinjectDescription.md */ = {isa = PBXFileReference; lastKnownFileType = net.daringfireball.markdown; path = "README_ SwinjectDescription.md"; sourceTree = "<group>"; };
		41D8174B253DC98300D5E29E /* README_SwiftyUserDefaultsDescription.md */ = {isa = PBXFileReference; lastKnownFileType = net.daringfireball.markdown; path = README_SwiftyUserDefaultsDescription.md; sourceTree = "<group>"; };
		41D8176A253DC9EE00D5E29E /* README_SwiftKeychainWrapper.md */ = {isa = PBXFileReference; lastKnownFileType = net.daringfireball.markdown; path = README_SwiftKeychainWrapper.md; sourceTree = "<group>"; };
		41D817F1253DCCCA00D5E29E /* README_ SwiftLuhn.md */ = {isa = PBXFileReference; lastKnownFileType = net.daringfireball.markdown; path = "README_ SwiftLuhn.md"; sourceTree = "<group>"; };
		41D8183B253DCEC400D5E29E /* README_SwiftGen.md */ = {isa = PBXFileReference; lastKnownFileType = net.daringfireball.markdown; path = README_SwiftGen.md; sourceTree = "<group>"; };
		6F09BB09CEE8B4F7CF575A5A /* Pods-SwiftTemplateProject.release.xcconfig */ = {isa = PBXFileReference; includeInIndex = 1; lastKnownFileType = text.xcconfig; name = "Pods-SwiftTemplateProject.release.xcconfig"; path = "Target Support Files/Pods-SwiftTemplateProject/Pods-SwiftTemplateProject.release.xcconfig"; sourceTree = "<group>"; };
		8F786ED5C877430FDCB4DEAF /* Pods-SwiftTemplateProject.debug.xcconfig */ = {isa = PBXFileReference; includeInIndex = 1; lastKnownFileType = text.xcconfig; name = "Pods-SwiftTemplateProject.debug.xcconfig"; path = "Target Support Files/Pods-SwiftTemplateProject/Pods-SwiftTemplateProject.debug.xcconfig"; sourceTree = "<group>"; };
		9602692F4D490E6068E2D1B5 /* Pods-SwiftTemplateProject-SwiftTemplateProjectUITests.debug.xcconfig */ = {isa = PBXFileReference; includeInIndex = 1; lastKnownFileType = text.xcconfig; name = "Pods-SwiftTemplateProject-SwiftTemplateProjectUITests.debug.xcconfig"; path = "Target Support Files/Pods-SwiftTemplateProject-SwiftTemplateProjectUITests/Pods-SwiftTemplateProject-SwiftTemplateProjectUITests.debug.xcconfig"; sourceTree = "<group>"; };
		B768E349FB1F223B6EF52A89 /* Pods-SwiftTemplateProject-SwiftTemplateProjectUITests.release.xcconfig */ = {isa = PBXFileReference; includeInIndex = 1; lastKnownFileType = text.xcconfig; name = "Pods-SwiftTemplateProject-SwiftTemplateProjectUITests.release.xcconfig"; path = "Target Support Files/Pods-SwiftTemplateProject-SwiftTemplateProjectUITests/Pods-SwiftTemplateProject-SwiftTemplateProjectUITests.release.xcconfig"; sourceTree = "<group>"; };
		E2250E5AF158024E2908DEF9 /* Pods-SwiftTemplateProjectTests.release.xcconfig */ = {isa = PBXFileReference; includeInIndex = 1; lastKnownFileType = text.xcconfig; name = "Pods-SwiftTemplateProjectTests.release.xcconfig"; path = "Target Support Files/Pods-SwiftTemplateProjectTests/Pods-SwiftTemplateProjectTests.release.xcconfig"; sourceTree = "<group>"; };
		F24CE65BB2335A25BCB835EB /* Pods_SwiftTemplateProject.framework */ = {isa = PBXFileReference; explicitFileType = wrapper.framework; includeInIndex = 0; path = Pods_SwiftTemplateProject.framework; sourceTree = BUILT_PRODUCTS_DIR; };
/* End PBXFileReference section */

/* Begin PBXFrameworksBuildPhase section */
		41524D91253162E700A1DEED /* Frameworks */ = {
			isa = PBXFrameworksBuildPhase;
			buildActionMask = 2147483647;
			files = (
				2641E3CB1243ECC70BD3D460 /* Pods_SwiftTemplateProject.framework in Frameworks */,
			);
			runOnlyForDeploymentPostprocessing = 0;
		};
		41524DA7253162E900A1DEED /* Frameworks */ = {
			isa = PBXFrameworksBuildPhase;
			buildActionMask = 2147483647;
			files = (
				C900608CE62EA12C717D90B5 /* Pods_SwiftTemplateProjectTests.framework in Frameworks */,
			);
			runOnlyForDeploymentPostprocessing = 0;
		};
		41524DB2253162E900A1DEED /* Frameworks */ = {
			isa = PBXFrameworksBuildPhase;
			buildActionMask = 2147483647;
			files = (
				224F121408AC84913CEE693B /* Pods_SwiftTemplateProject_SwiftTemplateProjectUITests.framework in Frameworks */,
			);
			runOnlyForDeploymentPostprocessing = 0;
		};
/* End PBXFrameworksBuildPhase section */

/* Begin PBXGroup section */
		41163C04253339EE00F6E45A /* UseCode */ = {
			isa = PBXGroup;
			children = (
				41163C0525333A5A00F6E45A /* SETabBarVC.swift */,
				41163C1125333B2500F6E45A /* AViewController.swift */,
				41163C1625333B3C00F6E45A /* BViewController.swift */,
				41163C1B25333B6100F6E45A /* CViewController.swift */,
				41163C2025333B6700F6E45A /* DViewController.swift */,
			);
			path = UseCode;
			sourceTree = "<group>";
		};
		4134386C253C0C93007BDBDE /* DemoList */ = {
			isa = PBXGroup;
			children = (
				4135985C2541C6C600F92F22 /* DemogifLoad */,
				413438B9253C3ABC007BDBDE /* DemoHook */,
				4134386D253C0CDE007BDBDE /* Demolist.plist */,
				413BAC79253D38B200BDE1F5 /* DemoNetWork */,
				413438B8253C3A97007BDBDE /* DemoNotifyBannner */,
				413515EB253DD5D700BC0BA3 /* DemoSwiftDate */,
				413597DE2541BE8300F92F22 /* DemoSwiftLuhn */,
				41D816D8253DC18300D5E29E /* DemoSwiftMath */,
				41343883253C1555007BDBDE /* DemoTableViewController.swift */,
				41343872253C1029007BDBDE /* HStools.swift */,
			);
			path = DemoList;
			sourceTree = "<group>";
		};
		413438B8253C3A97007BDBDE /* DemoNotifyBannner */ = {
			isa = PBXGroup;
			children = (
				413438A5253C2DEC007BDBDE /* DemoNotificationBannerSwiftVC.swift */,
				413438A6253C2DEC007BDBDE /* DemoNotificationBannerSwiftVC.xib */,
				413438AD253C2F38007BDBDE /* ExampleView.swift */,
				413438B2253C3264007BDBDE /* BasicNotificationBannerCell.swift */,
				413438C9253C3D3F007BDBDE /* NorthCarolinaBannerView.swift */,
				413438E0253C4029007BDBDE /* CustomBannerColors.swift */,
				413438CE253C3D74007BDBDE /* Media_Notibannner.xcassets */,
			);
			path = DemoNotifyBannner;
			sourceTree = "<group>";
		};
		413438B9253C3ABC007BDBDE /* DemoHook */ = {
			isa = PBXGroup;
			children = (
				413438BA253C3ADC007BDBDE /* DemoHookVC.swift */,
				41343995253C7B03007BDBDE /* MyObject.swift */,
			);
			path = DemoHook;
			sourceTree = "<group>";
		};
		413515EB253DD5D700BC0BA3 /* DemoSwiftDate */ = {
			isa = PBXGroup;
			children = (
				413515F4253DD61900BC0BA3 /* DemoSwiftDateVC.swift */,
				413515F5253DD61900BC0BA3 /* DemoSwiftDateVC.xib */,
			);
			path = DemoSwiftDate;
			sourceTree = "<group>";
		};
		413597DE2541BE8300F92F22 /* DemoSwiftLuhn */ = {
			isa = PBXGroup;
			children = (
				413597DF2541BEA900F92F22 /* DemoSwiftLuhnVC.swift */,
			);
			path = DemoSwiftLuhn;
			sourceTree = "<group>";
		};
		4135985C2541C6C600F92F22 /* DemogifLoad */ = {
			isa = PBXGroup;
			children = (
				4135985E2541C6FF00F92F22 /* earth.gif */,
				413598602541C6FF00F92F22 /* mugen.gif */,
				4135985F2541C6FF00F92F22 /* nailed.gif */,
				413598672541C71400F92F22 /* DemoGifVC.swift */,
				413598682541C71400F92F22 /* DemoGifVC.xib */,
			);
			path = DemogifLoad;
			sourceTree = "<group>";
		};
		413BAC79253D38B200BDE1F5 /* DemoNetWork */ = {
			isa = PBXGroup;
			children = (
				413BAC7B253D3AD400BDE1F5 /* DemoNetWorkVC.swift */,
				413BAC7C253D3AD400BDE1F5 /* DemoNetWorkVC.xib */,
			);
			path = DemoNetWork;
			sourceTree = "<group>";
		};
		41524D8B253162E700A1DEED = {
			isa = PBXGroup;
			children = (
				41A91AC4253B11BA008F55F0 /* UseDescription */,
				41524EAA2531F16100A1DEED /* README.md */,
				41524D96253162E700A1DEED /* SwiftTemplateProject */,
				41524DAD253162E900A1DEED /* SwiftTemplateProjectTests */,
				41524DB8253162E900A1DEED /* SwiftTemplateProjectUITests */,
				41524D95253162E700A1DEED /* Products */,
				E1A6FD58364E209C9CDC272D /* Pods */,
				4C72DCB6B9761A37EDBC1ED9 /* Frameworks */,
			);
			sourceTree = "<group>";
		};
		41524D95253162E700A1DEED /* Products */ = {
			isa = PBXGroup;
			children = (
				41524D94253162E700A1DEED /* SwiftTemplateProject.app */,
				41524DAA253162E900A1DEED /* SwiftTemplateProjectTests.xctest */,
				41524DB5253162E900A1DEED /* SwiftTemplateProjectUITests.xctest */,
			);
			name = Products;
			sourceTree = "<group>";
		};
		41524D96253162E700A1DEED /* SwiftTemplateProject */ = {
			isa = PBXGroup;
			children = (
				4134386C253C0C93007BDBDE /* DemoList */,
				41163C0A25333A7000F6E45A /* SwiftTemplateProject.entitlements */,
				41163C04253339EE00F6E45A /* UseCode */,
				41524ED32531F76900A1DEED /* UseStoryBoard */,
				41524D97253162E700A1DEED /* AppDelegate.swift */,
				41524D9B253162E800A1DEED /* ViewController.swift */,
				413D27B32535A3F000AFCD29 /* HCRootControllerProvider.swift */,
				413D27B82535A74700AFCD29 /* templateViewController.swift */,
				419D93872535DD0600D0D657 /* UseThirtyCodeMedia.xcassets */,
				41524DE1253169B100A1DEED /* userxswift */,
				41524D9D253162E800A1DEED /* Main.storyboard */,
				41524DA0253162E800A1DEED /* Assets.xcassets */,
				41524DA2253162E800A1DEED /* LaunchScreen.storyboard */,
				41524DA5253162E800A1DEED /* Info.plist */,
			);
			path = SwiftTemplateProject;
			sourceTree = "<group>";
		};
		41524DAD253162E900A1DEED /* SwiftTemplateProjectTests */ = {
			isa = PBXGroup;
			children = (
				41524DAE253162E900A1DEED /* SwiftTemplateProjectTests.swift */,
				4134399A253C7B9B007BDBDE /* HookTest.swift */,
				41524DB0253162E900A1DEED /* Info.plist */,
			);
			path = SwiftTemplateProjectTests;
			sourceTree = "<group>";
		};
		41524DB8253162E900A1DEED /* SwiftTemplateProjectUITests */ = {
			isa = PBXGroup;
			children = (
				41524DB9253162E900A1DEED /* SwiftTemplateProjectUITests.swift */,
				41524DBB253162E900A1DEED /* Info.plist */,
			);
			path = SwiftTemplateProjectUITests;
			sourceTree = "<group>";
		};
		41524DE1253169B100A1DEED /* userxswift */ = {
			isa = PBXGroup;
			children = (
				41524DED25316A3200A1DEED /* UseRxSwiftVC.swift */,
			);
			path = userxswift;
			sourceTree = "<group>";
		};
		41524ED32531F76900A1DEED /* UseStoryBoard */ = {
			isa = PBXGroup;
			children = (
				41524ED42531F79800A1DEED /* BaseStoryboard.storyboard */,
				41524ED92531F85000A1DEED /* BaseStoryBoardMedia.xcassets */,
				41524F002531FF1500A1DEED /* CaptionsViewController.swift */,
				41524EFB2531FEC400A1DEED /* Color+capableGreen.swift */,
				41524EF62531FE5400A1DEED /* ConformanceLevelView.swift */,
				41524EDE2531FBD800A1DEED /* FeatureOverviewController.swift */,
				41524EE82531FD0B00A1DEED /* FontsConstants.swift */,
				41524EE32531FCD800A1DEED /* HandicapViewController.swift */,
				41524F052531FF8E00A1DEED /* iPhone */,
			);
			path = UseStoryBoard;
			sourceTree = "<group>";
		};
		41524F052531FF8E00A1DEED /* iPhone */ = {
			isa = PBXGroup;
			children = (
				41524F062531FFA300A1DEED /* ColorsViewController.swift */,
				41524F1B2532005200A1DEED /* FontsController.swift */,
			);
			path = iPhone;
			sourceTree = "<group>";
		};
		41A91AC4253B11BA008F55F0 /* UseDescription */ = {
			isa = PBXGroup;
			children = (
				41524EAF2531F2E900A1DEED /* README_DeleteScreenDelegate.md */,
				41A91AC5253B11EF008F55F0 /* README_Rswift.md */,
				41343877253C11F0007BDBDE /* README_CodeDescription.md */,
				41343889253C2BDA007BDBDE /* README_NotificationBannerSwift.md */,
				413438C5253C3BB0007BDBDE /* README_SwiftKeyWordDescription.md */,
				41343914253C5CD6007BDBDE /* README_hidenTabBarNaviBar.md */,
				413BAC7A253D39E300BDE1F5 /* README_SwiftMeshDescription.md */,
				413BACE2253D618800BDE1F5 /* README_CocoaDebugDescription.md */,
				413BACF8253D6BF900BDE1F5 /* README_DispatchDescription.md */,
				41D8174A253DC67F00D5E29E /* README_ SwinjectDescription.md */,
				41D8174B253DC98300D5E29E /* README_SwiftyUserDefaultsDescription.md */,
				41D8176A253DC9EE00D5E29E /* README_SwiftKeychainWrapper.md */,
				41D817F1253DCCCA00D5E29E /* README_ SwiftLuhn.md */,
				41D8183B253DCEC400D5E29E /* README_SwiftGen.md */,
				413515E7253DD48000BC0BA3 /* README_SwiftDate.md */,
				4135959925415EDD00F92F22 /* README_Instabug .md */,
				41359649254168A100F92F22 /* README_Sentry.md */,
				4135982A2541C5C200F92F22 /* README_Gif.md */,
			);
			path = UseDescription;
			sourceTree = "<group>";
		};
		41D816D8253DC18300D5E29E /* DemoSwiftMath */ = {
			isa = PBXGroup;
			children = (
				413515EC253DD60000BC0BA3 /* DemoSwiftMathVC.swift */,
			);
			path = DemoSwiftMath;
			sourceTree = "<group>";
		};
		4C72DCB6B9761A37EDBC1ED9 /* Frameworks */ = {
			isa = PBXGroup;
			children = (
				F24CE65BB2335A25BCB835EB /* Pods_SwiftTemplateProject.framework */,
				0B50514AAA0D239CAE9976D5 /* Pods_SwiftTemplateProject_SwiftTemplateProjectUITests.framework */,
				05CB1745BA286F2846BA937F /* Pods_SwiftTemplateProjectTests.framework */,
			);
			name = Frameworks;
			sourceTree = "<group>";
		};
		E1A6FD58364E209C9CDC272D /* Pods */ = {
			isa = PBXGroup;
			children = (
				8F786ED5C877430FDCB4DEAF /* Pods-SwiftTemplateProject.debug.xcconfig */,
				6F09BB09CEE8B4F7CF575A5A /* Pods-SwiftTemplateProject.release.xcconfig */,
				9602692F4D490E6068E2D1B5 /* Pods-SwiftTemplateProject-SwiftTemplateProjectUITests.debug.xcconfig */,
				B768E349FB1F223B6EF52A89 /* Pods-SwiftTemplateProject-SwiftTemplateProjectUITests.release.xcconfig */,
				214BA722AA151D2D6A30829C /* Pods-SwiftTemplateProjectTests.debug.xcconfig */,
				E2250E5AF158024E2908DEF9 /* Pods-SwiftTemplateProjectTests.release.xcconfig */,
			);
			path = Pods;
			sourceTree = "<group>";
		};
/* End PBXGroup section */

/* Begin PBXNativeTarget section */
		41524D93253162E700A1DEED /* SwiftTemplateProject */ = {
			isa = PBXNativeTarget;
			buildConfigurationList = 41524DBE253162E900A1DEED /* Build configuration list for PBXNativeTarget "SwiftTemplateProject" */;
			buildPhases = (
				54E12FE4C3D6A573F461C8E4 /* [CP] Check Pods Manifest.lock */,
				41524D90253162E700A1DEED /* Sources */,
				41524D91253162E700A1DEED /* Frameworks */,
				41524D92253162E700A1DEED /* Resources */,
				D0BD36165437EB0CDE4BF924 /* [CP] Embed Pods Frameworks */,
			);
			buildRules = (
			);
			dependencies = (
			);
			name = SwiftTemplateProject;
			productName = SwiftTemplateProject;
			productReference = 41524D94253162E700A1DEED /* SwiftTemplateProject.app */;
			productType = "com.apple.product-type.application";
		};
		41524DA9253162E900A1DEED /* SwiftTemplateProjectTests */ = {
			isa = PBXNativeTarget;
			buildConfigurationList = 41524DC1253162E900A1DEED /* Build configuration list for PBXNativeTarget "SwiftTemplateProjectTests" */;
			buildPhases = (
				84E791837760D0FA94701C01 /* [CP] Check Pods Manifest.lock */,
				41524DA6253162E900A1DEED /* Sources */,
				41524DA7253162E900A1DEED /* Frameworks */,
				41524DA8253162E900A1DEED /* Resources */,
				4D7058083CE4033A11385185 /* [CP] Embed Pods Frameworks */,
			);
			buildRules = (
			);
			dependencies = (
				41524DAC253162E900A1DEED /* PBXTargetDependency */,
			);
			name = SwiftTemplateProjectTests;
			productName = SwiftTemplateProjectTests;
			productReference = 41524DAA253162E900A1DEED /* SwiftTemplateProjectTests.xctest */;
			productType = "com.apple.product-type.bundle.unit-test";
		};
		41524DB4253162E900A1DEED /* SwiftTemplateProjectUITests */ = {
			isa = PBXNativeTarget;
			buildConfigurationList = 41524DC4253162E900A1DEED /* Build configuration list for PBXNativeTarget "SwiftTemplateProjectUITests" */;
			buildPhases = (
				5C157DEACE0C563C1A57C8F6 /* [CP] Check Pods Manifest.lock */,
				41524DB1253162E900A1DEED /* Sources */,
				41524DB2253162E900A1DEED /* Frameworks */,
				41524DB3253162E900A1DEED /* Resources */,
				13401F1C8CE681442FC6318E /* [CP] Embed Pods Frameworks */,
			);
			buildRules = (
			);
			dependencies = (
				41524DB7253162E900A1DEED /* PBXTargetDependency */,
			);
			name = SwiftTemplateProjectUITests;
			productName = SwiftTemplateProjectUITests;
			productReference = 41524DB5253162E900A1DEED /* SwiftTemplateProjectUITests.xctest */;
			productType = "com.apple.product-type.bundle.ui-testing";
		};
/* End PBXNativeTarget section */

/* Begin PBXProject section */
		41524D8C253162E700A1DEED /* Project object */ = {
			isa = PBXProject;
			attributes = {
				LastSwiftUpdateCheck = 1200;
				LastUpgradeCheck = 1200;
				TargetAttributes = {
					41524D93253162E700A1DEED = {
						CreatedOnToolsVersion = 12.0.1;
					};
					41524DA9253162E900A1DEED = {
						CreatedOnToolsVersion = 12.0.1;
						TestTargetID = 41524D93253162E700A1DEED;
					};
					41524DB4253162E900A1DEED = {
						CreatedOnToolsVersion = 12.0.1;
						TestTargetID = 41524D93253162E700A1DEED;
					};
				};
			};
			buildConfigurationList = 41524D8F253162E700A1DEED /* Build configuration list for PBXProject "SwiftTemplateProject" */;
			compatibilityVersion = "Xcode 9.3";
			developmentRegion = en;
			hasScannedForEncodings = 0;
			knownRegions = (
				en,
				Base,
			);
			mainGroup = 41524D8B253162E700A1DEED;
			productRefGroup = 41524D95253162E700A1DEED /* Products */;
			projectDirPath = "";
			projectRoot = "";
			targets = (
				41524D93253162E700A1DEED /* SwiftTemplateProject */,
				41524DA9253162E900A1DEED /* SwiftTemplateProjectTests */,
				41524DB4253162E900A1DEED /* SwiftTemplateProjectUITests */,
			);
		};
/* End PBXProject section */

/* Begin PBXResourcesBuildPhase section */
		41524D92253162E700A1DEED /* Resources */ = {
			isa = PBXResourcesBuildPhase;
			buildActionMask = 2147483647;
			files = (
				41524EDA2531F85000A1DEED /* BaseStoryBoardMedia.xcassets in Resources */,
				413598622541C6FF00F92F22 /* nailed.gif in Resources */,
				4135986A2541C71400F92F22 /* DemoGifVC.xib in Resources */,
				413598632541C6FF00F92F22 /* mugen.gif in Resources */,
				413438A8253C2DEC007BDBDE /* DemoNotificationBannerSwiftVC.xib in Resources */,
				4134386E253C0CDE007BDBDE /* Demolist.plist in Resources */,
				41524DA4253162E800A1DEED /* LaunchScreen.storyboard in Resources */,
				413BAC7E253D3AD400BDE1F5 /* DemoNetWorkVC.xib in Resources */,
				419D93882535DD0600D0D657 /* UseThirtyCodeMedia.xcassets in Resources */,
				413438CF253C3D74007BDBDE /* Media_Notibannner.xcassets in Resources */,
				413598612541C6FF00F92F22 /* earth.gif in Resources */,
				41524DA1253162E800A1DEED /* Assets.xcassets in Resources */,
				41524ED52531F79800A1DEED /* BaseStoryboard.storyboard in Resources */,
				413515F7253DD61900BC0BA3 /* DemoSwiftDateVC.xib in Resources */,
				41524EAB2531F16100A1DEED /* README.md in Resources */,
				41524D9F253162E800A1DEED /* Main.storyboard in Resources */,
			);
			runOnlyForDeploymentPostprocessing = 0;
		};
		41524DA8253162E900A1DEED /* Resources */ = {
			isa = PBXResourcesBuildPhase;
			buildActionMask = 2147483647;
			files = (
			);
			runOnlyForDeploymentPostprocessing = 0;
		};
		41524DB3253162E900A1DEED /* Resources */ = {
			isa = PBXResourcesBuildPhase;
			buildActionMask = 2147483647;
			files = (
			);
			runOnlyForDeploymentPostprocessing = 0;
		};
/* End PBXResourcesBuildPhase section */

/* Begin PBXShellScriptBuildPhase section */
		13401F1C8CE681442FC6318E /* [CP] Embed Pods Frameworks */ = {
			isa = PBXShellScriptBuildPhase;
			buildActionMask = 2147483647;
			files = (
			);
			inputFileListPaths = (
				"${PODS_ROOT}/Target Support Files/Pods-SwiftTemplateProject-SwiftTemplateProjectUITests/Pods-SwiftTemplateProject-SwiftTemplateProjectUITests-frameworks-${CONFIGURATION}-input-files.xcfilelist",
			);
			name = "[CP] Embed Pods Frameworks";
			outputFileListPaths = (
				"${PODS_ROOT}/Target Support Files/Pods-SwiftTemplateProject-SwiftTemplateProjectUITests/Pods-SwiftTemplateProject-SwiftTemplateProjectUITests-frameworks-${CONFIGURATION}-output-files.xcfilelist",
			);
			runOnlyForDeploymentPostprocessing = 0;
			shellPath = /bin/sh;
			shellScript = "\"${PODS_ROOT}/Target Support Files/Pods-SwiftTemplateProject-SwiftTemplateProjectUITests/Pods-SwiftTemplateProject-SwiftTemplateProjectUITests-frameworks.sh\"\n";
			showEnvVarsInLog = 0;
		};
		4D7058083CE4033A11385185 /* [CP] Embed Pods Frameworks */ = {
			isa = PBXShellScriptBuildPhase;
			buildActionMask = 2147483647;
			files = (
			);
			inputFileListPaths = (
				"${PODS_ROOT}/Target Support Files/Pods-SwiftTemplateProjectTests/Pods-SwiftTemplateProjectTests-frameworks-${CONFIGURATION}-input-files.xcfilelist",
			);
			name = "[CP] Embed Pods Frameworks";
			outputFileListPaths = (
				"${PODS_ROOT}/Target Support Files/Pods-SwiftTemplateProjectTests/Pods-SwiftTemplateProjectTests-frameworks-${CONFIGURATION}-output-files.xcfilelist",
			);
			runOnlyForDeploymentPostprocessing = 0;
			shellPath = /bin/sh;
			shellScript = "\"${PODS_ROOT}/Target Support Files/Pods-SwiftTemplateProjectTests/Pods-SwiftTemplateProjectTests-frameworks.sh\"\n";
			showEnvVarsInLog = 0;
		};
		54E12FE4C3D6A573F461C8E4 /* [CP] Check Pods Manifest.lock */ = {
			isa = PBXShellScriptBuildPhase;
			buildActionMask = 2147483647;
			files = (
			);
			inputFileListPaths = (
			);
			inputPaths = (
				"${PODS_PODFILE_DIR_PATH}/Podfile.lock",
				"${PODS_ROOT}/Manifest.lock",
			);
			name = "[CP] Check Pods Manifest.lock";
			outputFileListPaths = (
			);
			outputPaths = (
				"$(DERIVED_FILE_DIR)/Pods-SwiftTemplateProject-checkManifestLockResult.txt",
			);
			runOnlyForDeploymentPostprocessing = 0;
			shellPath = /bin/sh;
			shellScript = "diff \"${PODS_PODFILE_DIR_PATH}/Podfile.lock\" \"${PODS_ROOT}/Manifest.lock\" > /dev/null\nif [ $? != 0 ] ; then\n    # print error to STDERR\n    echo \"error: The sandbox is not in sync with the Podfile.lock. Run 'pod install' or update your CocoaPods installation.\" >&2\n    exit 1\nfi\n# This output is used by Xcode 'outputs' to avoid re-running this script phase.\necho \"SUCCESS\" > \"${SCRIPT_OUTPUT_FILE_0}\"\n";
			showEnvVarsInLog = 0;
		};
		5C157DEACE0C563C1A57C8F6 /* [CP] Check Pods Manifest.lock */ = {
			isa = PBXShellScriptBuildPhase;
			buildActionMask = 2147483647;
			files = (
			);
			inputFileListPaths = (
			);
			inputPaths = (
				"${PODS_PODFILE_DIR_PATH}/Podfile.lock",
				"${PODS_ROOT}/Manifest.lock",
			);
			name = "[CP] Check Pods Manifest.lock";
			outputFileListPaths = (
			);
			outputPaths = (
				"$(DERIVED_FILE_DIR)/Pods-SwiftTemplateProject-SwiftTemplateProjectUITests-checkManifestLockResult.txt",
			);
			runOnlyForDeploymentPostprocessing = 0;
			shellPath = /bin/sh;
			shellScript = "diff \"${PODS_PODFILE_DIR_PATH}/Podfile.lock\" \"${PODS_ROOT}/Manifest.lock\" > /dev/null\nif [ $? != 0 ] ; then\n    # print error to STDERR\n    echo \"error: The sandbox is not in sync with the Podfile.lock. Run 'pod install' or update your CocoaPods installation.\" >&2\n    exit 1\nfi\n# This output is used by Xcode 'outputs' to avoid re-running this script phase.\necho \"SUCCESS\" > \"${SCRIPT_OUTPUT_FILE_0}\"\n";
			showEnvVarsInLog = 0;
		};
		84E791837760D0FA94701C01 /* [CP] Check Pods Manifest.lock */ = {
			isa = PBXShellScriptBuildPhase;
			buildActionMask = 2147483647;
			files = (
			);
			inputFileListPaths = (
			);
			inputPaths = (
				"${PODS_PODFILE_DIR_PATH}/Podfile.lock",
				"${PODS_ROOT}/Manifest.lock",
			);
			name = "[CP] Check Pods Manifest.lock";
			outputFileListPaths = (
			);
			outputPaths = (
				"$(DERIVED_FILE_DIR)/Pods-SwiftTemplateProjectTests-checkManifestLockResult.txt",
			);
			runOnlyForDeploymentPostprocessing = 0;
			shellPath = /bin/sh;
			shellScript = "diff \"${PODS_PODFILE_DIR_PATH}/Podfile.lock\" \"${PODS_ROOT}/Manifest.lock\" > /dev/null\nif [ $? != 0 ] ; then\n    # print error to STDERR\n    echo \"error: The sandbox is not in sync with the Podfile.lock. Run 'pod install' or update your CocoaPods installation.\" >&2\n    exit 1\nfi\n# This output is used by Xcode 'outputs' to avoid re-running this script phase.\necho \"SUCCESS\" > \"${SCRIPT_OUTPUT_FILE_0}\"\n";
			showEnvVarsInLog = 0;
		};
		D0BD36165437EB0CDE4BF924 /* [CP] Embed Pods Frameworks */ = {
			isa = PBXShellScriptBuildPhase;
			buildActionMask = 2147483647;
			files = (
			);
			inputFileListPaths = (
				"${PODS_ROOT}/Target Support Files/Pods-SwiftTemplateProject/Pods-SwiftTemplateProject-frameworks-${CONFIGURATION}-input-files.xcfilelist",
			);
			name = "[CP] Embed Pods Frameworks";
			outputFileListPaths = (
				"${PODS_ROOT}/Target Support Files/Pods-SwiftTemplateProject/Pods-SwiftTemplateProject-frameworks-${CONFIGURATION}-output-files.xcfilelist",
			);
			runOnlyForDeploymentPostprocessing = 0;
			shellPath = /bin/sh;
			shellScript = "\"${PODS_ROOT}/Target Support Files/Pods-SwiftTemplateProject/Pods-SwiftTemplateProject-frameworks.sh\"\n";
			showEnvVarsInLog = 0;
		};
/* End PBXShellScriptBuildPhase section */

/* Begin PBXSourcesBuildPhase section */
		41524D90253162E700A1DEED /* Sources */ = {
			isa = PBXSourcesBuildPhase;
			buildActionMask = 2147483647;
			files = (
				413438CA253C3D3F007BDBDE /* NorthCarolinaBannerView.swift in Sources */,
				413598692541C71400F92F22 /* DemoGifVC.swift in Sources */,
				41343884253C1555007BDBDE /* DemoTableViewController.swift in Sources */,
				41163C0625333A5A00F6E45A /* SETabBarVC.swift in Sources */,
				41524F072531FFA300A1DEED /* ColorsViewController.swift in Sources */,
				413597E02541BEA900F92F22 /* DemoSwiftLuhnVC.swift in Sources */,
				413438E1253C4029007BDBDE /* CustomBannerColors.swift in Sources */,
				413438AE253C2F38007BDBDE /* ExampleView.swift in Sources */,
				413D27B92535A74700AFCD29 /* templateViewController.swift in Sources */,
				41524EF72531FE5400A1DEED /* ConformanceLevelView.swift in Sources */,
				41163C2125333B6700F6E45A /* DViewController.swift in Sources */,
				41524F1C2532005200A1DEED /* FontsController.swift in Sources */,
				41524D9C253162E800A1DEED /* ViewController.swift in Sources */,
				413438A7253C2DEC007BDBDE /* DemoNotificationBannerSwiftVC.swift in Sources */,
				41524EE92531FD0B00A1DEED /* FontsConstants.swift in Sources */,
				413438B3253C3264007BDBDE /* BasicNotificationBannerCell.swift in Sources */,
				41524EDF2531FBD800A1DEED /* FeatureOverviewController.swift in Sources */,
				41163C1C25333B6100F6E45A /* CViewController.swift in Sources */,
				413515F6253DD61900BC0BA3 /* DemoSwiftDateVC.swift in Sources */,
				41163C1725333B3C00F6E45A /* BViewController.swift in Sources */,
				41524EE42531FCD800A1DEED /* HandicapViewController.swift in Sources */,
				41524D98253162E700A1DEED /* AppDelegate.swift in Sources */,
				41343873253C1029007BDBDE /* HStools.swift in Sources */,
				413438BB253C3ADC007BDBDE /* DemoHookVC.swift in Sources */,
				413D27B42535A3F000AFCD29 /* HCRootControllerProvider.swift in Sources */,
				41343996253C7B03007BDBDE /* MyObject.swift in Sources */,
				413515ED253DD60000BC0BA3 /* DemoSwiftMathVC.swift in Sources */,
				41524EFC2531FEC400A1DEED /* Color+capableGreen.swift in Sources */,
				41524DEE25316A3200A1DEED /* UseRxSwiftVC.swift in Sources */,
				41524F012531FF1500A1DEED /* CaptionsViewController.swift in Sources */,
				413BAC7D253D3AD400BDE1F5 /* DemoNetWorkVC.swift in Sources */,
				41163C1225333B2500F6E45A /* AViewController.swift in Sources */,
			);
			runOnlyForDeploymentPostprocessing = 0;
		};
		41524DA6253162E900A1DEED /* Sources */ = {
			isa = PBXSourcesBuildPhase;
			buildActionMask = 2147483647;
			files = (
				4134399B253C7B9B007BDBDE /* HookTest.swift in Sources */,
				41524DAF253162E900A1DEED /* SwiftTemplateProjectTests.swift in Sources */,
			);
			runOnlyForDeploymentPostprocessing = 0;
		};
		41524DB1253162E900A1DEED /* Sources */ = {
			isa = PBXSourcesBuildPhase;
			buildActionMask = 2147483647;
			files = (
				41524DBA253162E900A1DEED /* SwiftTemplateProjectUITests.swift in Sources */,
			);
			runOnlyForDeploymentPostprocessing = 0;
		};
/* End PBXSourcesBuildPhase section */

/* Begin PBXTargetDependency section */
		41524DAC253162E900A1DEED /* PBXTargetDependency */ = {
			isa = PBXTargetDependency;
			target = 41524D93253162E700A1DEED /* SwiftTemplateProject */;
			targetProxy = 41524DAB253162E900A1DEED /* PBXContainerItemProxy */;
		};
		41524DB7253162E900A1DEED /* PBXTargetDependency */ = {
			isa = PBXTargetDependency;
			target = 41524D93253162E700A1DEED /* SwiftTemplateProject */;
			targetProxy = 41524DB6253162E900A1DEED /* PBXContainerItemProxy */;
		};
/* End PBXTargetDependency section */

/* Begin PBXVariantGroup section */
		41524D9D253162E800A1DEED /* Main.storyboard */ = {
			isa = PBXVariantGroup;
			children = (
				41524D9E253162E800A1DEED /* Base */,
			);
			name = Main.storyboard;
			sourceTree = "<group>";
		};
		41524DA2253162E800A1DEED /* LaunchScreen.storyboard */ = {
			isa = PBXVariantGroup;
			children = (
				41524DA3253162E800A1DEED /* Base */,
			);
			name = LaunchScreen.storyboard;
			sourceTree = "<group>";
		};
/* End PBXVariantGroup section */

/* Begin XCBuildConfiguration section */
		41524DBC253162E900A1DEED /* Debug */ = {
			isa = XCBuildConfiguration;
			buildSettings = {
				ALWAYS_SEARCH_USER_PATHS = NO;
				CLANG_ANALYZER_NONNULL = YES;
				CLANG_ANALYZER_NUMBER_OBJECT_CONVERSION = YES_AGGRESSIVE;
				CLANG_CXX_LANGUAGE_STANDARD = "gnu++14";
				CLANG_CXX_LIBRARY = "libc++";
				CLANG_ENABLE_MODULES = YES;
				CLANG_ENABLE_OBJC_ARC = YES;
				CLANG_ENABLE_OBJC_WEAK = YES;
				CLANG_WARN_BLOCK_CAPTURE_AUTORELEASING = YES;
				CLANG_WARN_BOOL_CONVERSION = YES;
				CLANG_WARN_COMMA = YES;
				CLANG_WARN_CONSTANT_CONVERSION = YES;
				CLANG_WARN_DEPRECATED_OBJC_IMPLEMENTATIONS = YES;
				CLANG_WARN_DIRECT_OBJC_ISA_USAGE = YES_ERROR;
				CLANG_WARN_DOCUMENTATION_COMMENTS = YES;
				CLANG_WARN_EMPTY_BODY = YES;
				CLANG_WARN_ENUM_CONVERSION = YES;
				CLANG_WARN_INFINITE_RECURSION = YES;
				CLANG_WARN_INT_CONVERSION = YES;
				CLANG_WARN_NON_LITERAL_NULL_CONVERSION = YES;
				CLANG_WARN_OBJC_IMPLICIT_RETAIN_SELF = YES;
				CLANG_WARN_OBJC_LITERAL_CONVERSION = YES;
				CLANG_WARN_OBJC_ROOT_CLASS = YES_ERROR;
				CLANG_WARN_QUOTED_INCLUDE_IN_FRAMEWORK_HEADER = YES;
				CLANG_WARN_RANGE_LOOP_ANALYSIS = YES;
				CLANG_WARN_STRICT_PROTOTYPES = YES;
				CLANG_WARN_SUSPICIOUS_MOVE = YES;
				CLANG_WARN_UNGUARDED_AVAILABILITY = YES_AGGRESSIVE;
				CLANG_WARN_UNREACHABLE_CODE = YES;
				CLANG_WARN__DUPLICATE_METHOD_MATCH = YES;
				COPY_PHASE_STRIP = NO;
				DEBUG_INFORMATION_FORMAT = dwarf;
				ENABLE_STRICT_OBJC_MSGSEND = YES;
				ENABLE_TESTABILITY = YES;
				GCC_C_LANGUAGE_STANDARD = gnu11;
				GCC_DYNAMIC_NO_PIC = NO;
				GCC_NO_COMMON_BLOCKS = YES;
				GCC_OPTIMIZATION_LEVEL = 0;
				GCC_PREPROCESSOR_DEFINITIONS = (
					"DEBUG=1",
					"$(inherited)",
				);
				GCC_WARN_64_TO_32_BIT_CONVERSION = YES;
				GCC_WARN_ABOUT_RETURN_TYPE = YES_ERROR;
				GCC_WARN_UNDECLARED_SELECTOR = YES;
				GCC_WARN_UNINITIALIZED_AUTOS = YES_AGGRESSIVE;
				GCC_WARN_UNUSED_FUNCTION = YES;
				GCC_WARN_UNUSED_VARIABLE = YES;
				IPHONEOS_DEPLOYMENT_TARGET = 14.0;
				MTL_ENABLE_DEBUG_INFO = INCLUDE_SOURCE;
				MTL_FAST_MATH = YES;
				ONLY_ACTIVE_ARCH = YES;
				SDKROOT = iphoneos;
				SWIFT_ACTIVE_COMPILATION_CONDITIONS = DEBUG;
				SWIFT_OPTIMIZATION_LEVEL = "-Onone";
			};
			name = Debug;
		};
		41524DBD253162E900A1DEED /* Release */ = {
			isa = XCBuildConfiguration;
			buildSettings = {
				ALWAYS_SEARCH_USER_PATHS = NO;
				CLANG_ANALYZER_NONNULL = YES;
				CLANG_ANALYZER_NUMBER_OBJECT_CONVERSION = YES_AGGRESSIVE;
				CLANG_CXX_LANGUAGE_STANDARD = "gnu++14";
				CLANG_CXX_LIBRARY = "libc++";
				CLANG_ENABLE_MODULES = YES;
				CLANG_ENABLE_OBJC_ARC = YES;
				CLANG_ENABLE_OBJC_WEAK = YES;
				CLANG_WARN_BLOCK_CAPTURE_AUTORELEASING = YES;
				CLANG_WARN_BOOL_CONVERSION = YES;
				CLANG_WARN_COMMA = YES;
				CLANG_WARN_CONSTANT_CONVERSION = YES;
				CLANG_WARN_DEPRECATED_OBJC_IMPLEMENTATIONS = YES;
				CLANG_WARN_DIRECT_OBJC_ISA_USAGE = YES_ERROR;
				CLANG_WARN_DOCUMENTATION_COMMENTS = YES;
				CLANG_WARN_EMPTY_BODY = YES;
				CLANG_WARN_ENUM_CONVERSION = YES;
				CLANG_WARN_INFINITE_RECURSION = YES;
				CLANG_WARN_INT_CONVERSION = YES;
				CLANG_WARN_NON_LITERAL_NULL_CONVERSION = YES;
				CLANG_WARN_OBJC_IMPLICIT_RETAIN_SELF = YES;
				CLANG_WARN_OBJC_LITERAL_CONVERSION = YES;
				CLANG_WARN_OBJC_ROOT_CLASS = YES_ERROR;
				CLANG_WARN_QUOTED_INCLUDE_IN_FRAMEWORK_HEADER = YES;
				CLANG_WARN_RANGE_LOOP_ANALYSIS = YES;
				CLANG_WARN_STRICT_PROTOTYPES = YES;
				CLANG_WARN_SUSPICIOUS_MOVE = YES;
				CLANG_WARN_UNGUARDED_AVAILABILITY = YES_AGGRESSIVE;
				CLANG_WARN_UNREACHABLE_CODE = YES;
				CLANG_WARN__DUPLICATE_METHOD_MATCH = YES;
				COPY_PHASE_STRIP = NO;
				DEBUG_INFORMATION_FORMAT = "dwarf-with-dsym";
				ENABLE_NS_ASSERTIONS = NO;
				ENABLE_STRICT_OBJC_MSGSEND = YES;
				GCC_C_LANGUAGE_STANDARD = gnu11;
				GCC_NO_COMMON_BLOCKS = YES;
				GCC_WARN_64_TO_32_BIT_CONVERSION = YES;
				GCC_WARN_ABOUT_RETURN_TYPE = YES_ERROR;
				GCC_WARN_UNDECLARED_SELECTOR = YES;
				GCC_WARN_UNINITIALIZED_AUTOS = YES_AGGRESSIVE;
				GCC_WARN_UNUSED_FUNCTION = YES;
				GCC_WARN_UNUSED_VARIABLE = YES;
				IPHONEOS_DEPLOYMENT_TARGET = 14.0;
				MTL_ENABLE_DEBUG_INFO = NO;
				MTL_FAST_MATH = YES;
				SDKROOT = iphoneos;
				SWIFT_COMPILATION_MODE = wholemodule;
				SWIFT_OPTIMIZATION_LEVEL = "-O";
				VALIDATE_PRODUCT = YES;
			};
			name = Release;
		};
		41524DBF253162E900A1DEED /* Debug */ = {
			isa = XCBuildConfiguration;
			baseConfigurationReference = 8F786ED5C877430FDCB4DEAF /* Pods-SwiftTemplateProject.debug.xcconfig */;
			buildSettings = {
				ASSETCATALOG_COMPILER_APPICON_NAME = AppIcon;
				ASSETCATALOG_COMPILER_GLOBAL_ACCENT_COLOR_NAME = AccentColor;
				CODE_SIGN_ENTITLEMENTS = SwiftTemplateProject/SwiftTemplateProject.entitlements;
				CODE_SIGN_STYLE = Automatic;
				DEVELOPMENT_TEAM = AGGNX9596Z;
				INFOPLIST_FILE = SwiftTemplateProject/Info.plist;
				LD_RUNPATH_SEARCH_PATHS = (
					"$(inherited)",
					"@executable_path/Frameworks",
				);
				PRODUCT_BUNDLE_IDENTIFIER = com.SexyQueenTeam.SwiftTemplateProject;
				PRODUCT_NAME = "$(TARGET_NAME)";
				SUPPORTS_MACCATALYST = NO;
				SWIFT_VERSION = 5.0;
				TARGETED_DEVICE_FAMILY = "1,2";
			};
			name = Debug;
		};
		41524DC0253162E900A1DEED /* Release */ = {
			isa = XCBuildConfiguration;
			baseConfigurationReference = 6F09BB09CEE8B4F7CF575A5A /* Pods-SwiftTemplateProject.release.xcconfig */;
			buildSettings = {
				ASSETCATALOG_COMPILER_APPICON_NAME = AppIcon;
				ASSETCATALOG_COMPILER_GLOBAL_ACCENT_COLOR_NAME = AccentColor;
				CODE_SIGN_ENTITLEMENTS = SwiftTemplateProject/SwiftTemplateProject.entitlements;
				CODE_SIGN_STYLE = Automatic;
				DEVELOPMENT_TEAM = AGGNX9596Z;
				INFOPLIST_FILE = SwiftTemplateProject/Info.plist;
				LD_RUNPATH_SEARCH_PATHS = (
					"$(inherited)",
					"@executable_path/Frameworks",
				);
				PRODUCT_BUNDLE_IDENTIFIER = com.SexyQueenTeam.SwiftTemplateProject;
				PRODUCT_NAME = "$(TARGET_NAME)";
				SUPPORTS_MACCATALYST = NO;
				SWIFT_VERSION = 5.0;
				TARGETED_DEVICE_FAMILY = "1,2";
			};
			name = Release;
		};
		41524DC2253162E900A1DEED /* Debug */ = {
			isa = XCBuildConfiguration;
			baseConfigurationReference = 214BA722AA151D2D6A30829C /* Pods-SwiftTemplateProjectTests.debug.xcconfig */;
			buildSettings = {
				ALWAYS_EMBED_SWIFT_STANDARD_LIBRARIES = YES;
				BUNDLE_LOADER = "$(TEST_HOST)";
				CODE_SIGN_STYLE = Automatic;
				DEVELOPMENT_TEAM = AGGNX9596Z;
				INFOPLIST_FILE = SwiftTemplateProjectTests/Info.plist;
				IPHONEOS_DEPLOYMENT_TARGET = 14.0;
				LD_RUNPATH_SEARCH_PATHS = (
					"$(inherited)",
					"@executable_path/Frameworks",
					"@loader_path/Frameworks",
				);
				PRODUCT_BUNDLE_IDENTIFIER = com.SexyQueenTeam.SwiftTemplateProjectTests;
				PRODUCT_NAME = "$(TARGET_NAME)";
				SWIFT_VERSION = 5.0;
				TARGETED_DEVICE_FAMILY = "1,2";
				TEST_HOST = "$(BUILT_PRODUCTS_DIR)/SwiftTemplateProject.app/SwiftTemplateProject";
			};
			name = Debug;
		};
		41524DC3253162E900A1DEED /* Release */ = {
			isa = XCBuildConfiguration;
			baseConfigurationReference = E2250E5AF158024E2908DEF9 /* Pods-SwiftTemplateProjectTests.release.xcconfig */;
			buildSettings = {
				ALWAYS_EMBED_SWIFT_STANDARD_LIBRARIES = YES;
				BUNDLE_LOADER = "$(TEST_HOST)";
				CODE_SIGN_STYLE = Automatic;
				DEVELOPMENT_TEAM = AGGNX9596Z;
				INFOPLIST_FILE = SwiftTemplateProjectTests/Info.plist;
				IPHONEOS_DEPLOYMENT_TARGET = 14.0;
				LD_RUNPATH_SEARCH_PATHS = (
					"$(inherited)",
					"@executable_path/Frameworks",
					"@loader_path/Frameworks",
				);
				PRODUCT_BUNDLE_IDENTIFIER = com.SexyQueenTeam.SwiftTemplateProjectTests;
				PRODUCT_NAME = "$(TARGET_NAME)";
				SWIFT_VERSION = 5.0;
				TARGETED_DEVICE_FAMILY = "1,2";
				TEST_HOST = "$(BUILT_PRODUCTS_DIR)/SwiftTemplateProject.app/SwiftTemplateProject";
			};
			name = Release;
		};
		41524DC5253162E900A1DEED /* Debug */ = {
			isa = XCBuildConfiguration;
			baseConfigurationReference = 9602692F4D490E6068E2D1B5 /* Pods-SwiftTemplateProject-SwiftTemplateProjectUITests.debug.xcconfig */;
			buildSettings = {
				ALWAYS_EMBED_SWIFT_STANDARD_LIBRARIES = YES;
				CODE_SIGN_STYLE = Automatic;
				DEVELOPMENT_TEAM = AGGNX9596Z;
				INFOPLIST_FILE = SwiftTemplateProjectUITests/Info.plist;
				LD_RUNPATH_SEARCH_PATHS = (
					"$(inherited)",
					"@executable_path/Frameworks",
					"@loader_path/Frameworks",
				);
				PRODUCT_BUNDLE_IDENTIFIER = com.SexyQueenTeam.SwiftTemplateProjectUITests;
				PRODUCT_NAME = "$(TARGET_NAME)";
				SWIFT_VERSION = 5.0;
				TARGETED_DEVICE_FAMILY = "1,2";
				TEST_TARGET_NAME = SwiftTemplateProject;
			};
			name = Debug;
		};
		41524DC6253162E900A1DEED /* Release */ = {
			isa = XCBuildConfiguration;
			baseConfigurationReference = B768E349FB1F223B6EF52A89 /* Pods-SwiftTemplateProject-SwiftTemplateProjectUITests.release.xcconfig */;
			buildSettings = {
				ALWAYS_EMBED_SWIFT_STANDARD_LIBRARIES = YES;
				CODE_SIGN_STYLE = Automatic;
				DEVELOPMENT_TEAM = AGGNX9596Z;
				INFOPLIST_FILE = SwiftTemplateProjectUITests/Info.plist;
				LD_RUNPATH_SEARCH_PATHS = (
					"$(inherited)",
					"@executable_path/Frameworks",
					"@loader_path/Frameworks",
				);
				PRODUCT_BUNDLE_IDENTIFIER = com.SexyQueenTeam.SwiftTemplateProjectUITests;
				PRODUCT_NAME = "$(TARGET_NAME)";
				SWIFT_VERSION = 5.0;
				TARGETED_DEVICE_FAMILY = "1,2";
				TEST_TARGET_NAME = SwiftTemplateProject;
			};
			name = Release;
		};
/* End XCBuildConfiguration section */

/* Begin XCConfigurationList section */
		41524D8F253162E700A1DEED /* Build configuration list for PBXProject "SwiftTemplateProject" */ = {
			isa = XCConfigurationList;
			buildConfigurations = (
				41524DBC253162E900A1DEED /* Debug */,
				41524DBD253162E900A1DEED /* Release */,
			);
			defaultConfigurationIsVisible = 0;
			defaultConfigurationName = Release;
		};
		41524DBE253162E900A1DEED /* Build configuration list for PBXNativeTarget "SwiftTemplateProject" */ = {
			isa = XCConfigurationList;
			buildConfigurations = (
				41524DBF253162E900A1DEED /* Debug */,
				41524DC0253162E900A1DEED /* Release */,
			);
			defaultConfigurationIsVisible = 0;
			defaultConfigurationName = Release;
		};
		41524DC1253162E900A1DEED /* Build configuration list for PBXNativeTarget "SwiftTemplateProjectTests" */ = {
			isa = XCConfigurationList;
			buildConfigurations = (
				41524DC2253162E900A1DEED /* Debug */,
				41524DC3253162E900A1DEED /* Release */,
			);
			defaultConfigurationIsVisible = 0;
			defaultConfigurationName = Release;
		};
		41524DC4253162E900A1DEED /* Build configuration list for PBXNativeTarget "SwiftTemplateProjectUITests" */ = {
			isa = XCConfigurationList;
			buildConfigurations = (
				41524DC5253162E900A1DEED /* Debug */,
				41524DC6253162E900A1DEED /* Release */,
			);
			defaultConfigurationIsVisible = 0;
			defaultConfigurationName = Release;
		};
/* End XCConfigurationList section */
	};
	rootObject = 41524D8C253162E700A1DEED /* Project object */;
}
